
Microsoft Visual Studio Solution File, Format Version 12.00
# Visual Studio Version 16
VisualStudioVersion = 16.0.30503.244
MinimumVisualStudioVersion = 10.0.40219.1
Project("{FAE04EC0-301F-11D3-BF4B-00C04F79EFBC}") = "ImageUpload", "ImageUpload\ImageUpload.csproj", "{FE09E9BF-EE4C-406E-8E00-0256BBF93DBB}"
EndProject
Global
	GlobalSection(SolutionConfigurationPlatforms) = preSolution
		Debug|Any CPU = Debug|Any CPU
		Release|Any CPU = Release|Any CPU
	EndGlobalSection
	GlobalSection(ProjectConfigurationPlatforms) = postSolution
		{FE09E9BF-EE4C-406E-8E00-0256BBF93DBB}.Debug|Any CPU.ActiveCfg = Debug|Any CPU
		{FE09E9BF-EE4C-406E-8E00-0256BBF93DBB}.Debug|Any CPU.Build.0 = Debug|Any CPU
		{FE09E9BF-EE4C-406E-8E00-0256BBF93DBB}.Release|Any CPU.ActiveCfg = Release|Any CPU
		{FE09E9BF-EE4C-406E-8E00-0256BBF93DBB}.Release|Any CPU.Build.0 = Release|Any CPU
	EndGlobalSection
	GlobalSection(SolutionProperties) = preSolution
		HideSolutionNode = FALSE
	EndGlobalSection
	GlobalSection(ExtensibilityGlobals) = postSolution
		SolutionGuid = {F24E7F84-F315-4B36-942A-617628C10F01}
	EndGlobalSection
EndGlobal
